// !$*UTF8*$!
{
	archiveVersion = 1;
	classes = {
	};
	objectVersion = 56;
	objects = {

/* Begin PBXBuildFile section */
		5291469C2AE2190F005749D8 /* AppDelegate.swift in Sources */ = {isa = PBXBuildFile; fileRef = 5291469B2AE2190F005749D8 /* AppDelegate.swift */; };
		5291469E2AE2190F005749D8 /* SceneDelegate.swift in Sources */ = {isa = PBXBuildFile; fileRef = 5291469D2AE2190F005749D8 /* SceneDelegate.swift */; };
		529146A02AE2190F005749D8 /* ViewController.swift in Sources */ = {isa = PBXBuildFile; fileRef = 5291469F2AE2190F005749D8 /* ViewController.swift */; };
		529146A32AE2190F005749D8 /* Main.storyboard in Resources */ = {isa = PBXBuildFile; fileRef = 529146A12AE2190F005749D8 /* Main.storyboard */; };
		529146A52AE21910005749D8 /* Assets.xcassets in Resources */ = {isa = PBXBuildFile; fileRef = 529146A42AE21910005749D8 /* Assets.xcassets */; };
		529146A82AE21910005749D8 /* LaunchScreen.storyboard in Resources */ = {isa = PBXBuildFile; fileRef = 529146A62AE21910005749D8 /* LaunchScreen.storyboard */; };
		529146B12AE21982005749D8 /* FirebaseAnalytics in Frameworks */ = {isa = PBXBuildFile; productRef = 529146B02AE21982005749D8 /* FirebaseAnalytics */; };
		529146B32AE21982005749D8 /* FirebaseAnalyticsOnDeviceConversion in Frameworks */ = {isa = PBXBuildFile; productRef = 529146B22AE21982005749D8 /* FirebaseAnalyticsOnDeviceConversion */; };
		529146B52AE21982005749D8 /* FirebaseAnalyticsSwift in Frameworks */ = {isa = PBXBuildFile; productRef = 529146B42AE21982005749D8 /* FirebaseAnalyticsSwift */; };
		529146B72AE21982005749D8 /* FirebaseAnalyticsWithoutAdIdSupport in Frameworks */ = {isa = PBXBuildFile; productRef = 529146B62AE21982005749D8 /* FirebaseAnalyticsWithoutAdIdSupport */; };
		529146B92AE21982005749D8 /* FirebaseAppCheck in Frameworks */ = {isa = PBXBuildFile; productRef = 529146B82AE21982005749D8 /* FirebaseAppCheck */; };
		529146BB2AE21982005749D8 /* FirebaseAppDistribution-Beta in Frameworks */ = {isa = PBXBuildFile; productRef = 529146BA2AE21982005749D8 /* FirebaseAppDistribution-Beta */; };
		529146BD2AE21982005749D8 /* FirebaseAuth in Frameworks */ = {isa = PBXBuildFile; productRef = 529146BC2AE21982005749D8 /* FirebaseAuth */; };
		529146BF2AE21982005749D8 /* FirebaseAuthCombine-Community in Frameworks */ = {isa = PBXBuildFile; productRef = 529146BE2AE21982005749D8 /* FirebaseAuthCombine-Community */; };
		529146C12AE21982005749D8 /* FirebaseCrashlytics in Frameworks */ = {isa = PBXBuildFile; productRef = 529146C02AE21982005749D8 /* FirebaseCrashlytics */; };
		529146C32AE21982005749D8 /* FirebaseDatabase in Frameworks */ = {isa = PBXBuildFile; productRef = 529146C22AE21982005749D8 /* FirebaseDatabase */; };
		529146C52AE21982005749D8 /* FirebaseDatabaseSwift in Frameworks */ = {isa = PBXBuildFile; productRef = 529146C42AE21982005749D8 /* FirebaseDatabaseSwift */; };
		529146C72AE21982005749D8 /* FirebaseDynamicLinks in Frameworks */ = {isa = PBXBuildFile; productRef = 529146C62AE21982005749D8 /* FirebaseDynamicLinks */; };
		529146C92AE21982005749D8 /* FirebaseFirestore in Frameworks */ = {isa = PBXBuildFile; productRef = 529146C82AE21982005749D8 /* FirebaseFirestore */; };
		529146CB2AE21982005749D8 /* FirebaseFirestoreCombine-Community in Frameworks */ = {isa = PBXBuildFile; productRef = 529146CA2AE21982005749D8 /* FirebaseFirestoreCombine-Community */; };
		529146CD2AE21982005749D8 /* FirebaseFirestoreSwift in Frameworks */ = {isa = PBXBuildFile; productRef = 529146CC2AE21982005749D8 /* FirebaseFirestoreSwift */; };
		529146CF2AE21982005749D8 /* FirebaseFunctions in Frameworks */ = {isa = PBXBuildFile; productRef = 529146CE2AE21982005749D8 /* FirebaseFunctions */; };
		529146D12AE21982005749D8 /* FirebaseFunctionsCombine-Community in Frameworks */ = {isa = PBXBuildFile; productRef = 529146D02AE21982005749D8 /* FirebaseFunctionsCombine-Community */; };
		529146D32AE21982005749D8 /* FirebaseInAppMessaging-Beta in Frameworks */ = {isa = PBXBuildFile; productRef = 529146D22AE21982005749D8 /* FirebaseInAppMessaging-Beta */; };
		529146D52AE21982005749D8 /* FirebaseInAppMessagingSwift-Beta in Frameworks */ = {isa = PBXBuildFile; productRef = 529146D42AE21982005749D8 /* FirebaseInAppMessagingSwift-Beta */; };
		529146D72AE21982005749D8 /* FirebaseInstallations in Frameworks */ = {isa = PBXBuildFile; productRef = 529146D62AE21982005749D8 /* FirebaseInstallations */; };
		529146D92AE21982005749D8 /* FirebaseMLModelDownloader in Frameworks */ = {isa = PBXBuildFile; productRef = 529146D82AE21982005749D8 /* FirebaseMLModelDownloader */; };
		529146DB2AE21982005749D8 /* FirebaseMessaging in Frameworks */ = {isa = PBXBuildFile; productRef = 529146DA2AE21982005749D8 /* FirebaseMessaging */; };
		529146DD2AE21982005749D8 /* FirebasePerformance in Frameworks */ = {isa = PBXBuildFile; productRef = 529146DC2AE21982005749D8 /* FirebasePerformance */; };
		529146DF2AE21982005749D8 /* FirebaseRemoteConfig in Frameworks */ = {isa = PBXBuildFile; productRef = 529146DE2AE21982005749D8 /* FirebaseRemoteConfig */; };
		529146E12AE21982005749D8 /* FirebaseRemoteConfigSwift in Frameworks */ = {isa = PBXBuildFile; productRef = 529146E02AE21982005749D8 /* FirebaseRemoteConfigSwift */; };
		529146E32AE21982005749D8 /* FirebaseStorage in Frameworks */ = {isa = PBXBuildFile; productRef = 529146E22AE21982005749D8 /* FirebaseStorage */; };
		529146E52AE21982005749D8 /* FirebaseStorageCombine-Community in Frameworks */ = {isa = PBXBuildFile; productRef = 529146E42AE21982005749D8 /* FirebaseStorageCombine-Community */; };
/* End PBXBuildFile section */

/* Begin PBXFileReference section */
		529146982AE2190F005749D8 /* DsTest.app */ = {isa = PBXFileReference; explicitFileType = wrapper.application; includeInIndex = 0; path = DsTest.app; sourceTree = BUILT_PRODUCTS_DIR; };
		5291469B2AE2190F005749D8 /* AppDelegate.swift */ = {isa = PBXFileReference; lastKnownFileType = sourcecode.swift; path = AppDelegate.swift; sourceTree = "<group>"; };
		5291469D2AE2190F005749D8 /* SceneDelegate.swift */ = {isa = PBXFileReference; lastKnownFileType = sourcecode.swift; path = SceneDelegate.swift; sourceTree = "<group>"; };
		5291469F2AE2190F005749D8 /* ViewController.swift */ = {isa = PBXFileReference; lastKnownFileType = sourcecode.swift; path = ViewController.swift; sourceTree = "<group>"; };
		529146A22AE2190F005749D8 /* Base */ = {isa = PBXFileReference; lastKnownFileType = file.storyboard; name = Base; path = Base.lproj/Main.storyboard; sourceTree = "<group>"; };
		529146A42AE21910005749D8 /* Assets.xcassets */ = {isa = PBXFileReference; lastKnownFileType = folder.assetcatalog; path = Assets.xcassets; sourceTree = "<group>"; };
		529146A72AE21910005749D8 /* Base */ = {isa = PBXFileReference; lastKnownFileType = file.storyboard; name = Base; path = Base.lproj/LaunchScreen.storyboard; sourceTree = "<group>"; };
		529146A92AE21910005749D8 /* Info.plist */ = {isa = PBXFileReference; lastKnownFileType = text.plist.xml; path = Info.plist; sourceTree = "<group>"; };
/* End PBXFileReference section */

/* Begin PBXFrameworksBuildPhase section */
		529146952AE2190F005749D8 /* Frameworks */ = {
			isa = PBXFrameworksBuildPhase;
			buildActionMask = 2147483647;
			files = (
				529146C32AE21982005749D8 /* FirebaseDatabase in Frameworks */,
				529146D12AE21982005749D8 /* FirebaseFunctionsCombine-Community in Frameworks */,
				529146C92AE21982005749D8 /* FirebaseFirestore in Frameworks */,
				529146B52AE21982005749D8 /* FirebaseAnalyticsSwift in Frameworks */,
				529146B12AE21982005749D8 /* FirebaseAnalytics in Frameworks */,
				529146B32AE21982005749D8 /* FirebaseAnalyticsOnDeviceConversion in Frameworks */,
				529146D92AE21982005749D8 /* FirebaseMLModelDownloader in Frameworks */,
				529146CD2AE21982005749D8 /* FirebaseFirestoreSwift in Frameworks */,
				529146B92AE21982005749D8 /* FirebaseAppCheck in Frameworks */,
				529146B72AE21982005749D8 /* FirebaseAnalyticsWithoutAdIdSupport in Frameworks */,
				529146BD2AE21982005749D8 /* FirebaseAuth in Frameworks */,
				529146C12AE21982005749D8 /* FirebaseCrashlytics in Frameworks */,
				529146E12AE21982005749D8 /* FirebaseRemoteConfigSwift in Frameworks */,
				529146D32AE21982005749D8 /* FirebaseInAppMessaging-Beta in Frameworks */,
				529146C52AE21982005749D8 /* FirebaseDatabaseSwift in Frameworks */,
				529146CF2AE21982005749D8 /* FirebaseFunctions in Frameworks */,
				529146E52AE21982005749D8 /* FirebaseStorageCombine-Community in Frameworks */,
				529146DF2AE21982005749D8 /* FirebaseRemoteConfig in Frameworks */,
				529146BB2AE21982005749D8 /* FirebaseAppDistribution-Beta in Frameworks */,
				529146BF2AE21982005749D8 /* FirebaseAuthCombine-Community in Frameworks */,
				529146DD2AE21982005749D8 /* FirebasePerformance in Frameworks */,
				529146D52AE21982005749D8 /* FirebaseInAppMessagingSwift-Beta in Frameworks */,
				529146E32AE21982005749D8 /* FirebaseStorage in Frameworks */,
				529146C72AE21982005749D8 /* FirebaseDynamicLinks in Frameworks */,
				529146CB2AE21982005749D8 /* FirebaseFirestoreCombine-Community in Frameworks */,
				529146DB2AE21982005749D8 /* FirebaseMessaging in Frameworks */,
				529146D72AE21982005749D8 /* FirebaseInstallations in Frameworks */,
			);
			runOnlyForDeploymentPostprocessing = 0;
		};
/* End PBXFrameworksBuildPhase section */

/* Begin PBXGroup section */
		5291468F2AE2190F005749D8 = {
			isa = PBXGroup;
			children = (
				5291469A2AE2190F005749D8 /* DsTest */,
				529146992AE2190F005749D8 /* Products */,
			);
			sourceTree = "<group>";
		};
		529146992AE2190F005749D8 /* Products */ = {
			isa = PBXGroup;
			children = (
				529146982AE2190F005749D8 /* DsTest.app */,
			);
			name = Products;
			sourceTree = "<group>";
		};
		5291469A2AE2190F005749D8 /* DsTest */ = {
			isa = PBXGroup;
			children = (
				5291469B2AE2190F005749D8 /* AppDelegate.swift */,
				5291469D2AE2190F005749D8 /* SceneDelegate.swift */,
				5291469F2AE2190F005749D8 /* ViewController.swift */,
				529146A12AE2190F005749D8 /* Main.storyboard */,
				529146A42AE21910005749D8 /* Assets.xcassets */,
				529146A62AE21910005749D8 /* LaunchScreen.storyboard */,
				529146A92AE21910005749D8 /* Info.plist */,
			);
			path = DsTest;
			sourceTree = "<group>";
		};
/* End PBXGroup section */

/* Begin PBXNativeTarget section */
		529146972AE2190F005749D8 /* DsTest */ = {
			isa = PBXNativeTarget;
			buildConfigurationList = 529146AC2AE21910005749D8 /* Build configuration list for PBXNativeTarget "DsTest" */;
			buildPhases = (
				529146942AE2190F005749D8 /* Sources */,
				529146952AE2190F005749D8 /* Frameworks */,
				529146962AE2190F005749D8 /* Resources */,
			);
			buildRules = (
			);
			dependencies = (
			);
			name = DsTest;
			packageProductDependencies = (
				529146B02AE21982005749D8 /* FirebaseAnalytics */,
				529146B22AE21982005749D8 /* FirebaseAnalyticsOnDeviceConversion */,
				529146B42AE21982005749D8 /* FirebaseAnalyticsSwift */,
				529146B62AE21982005749D8 /* FirebaseAnalyticsWithoutAdIdSupport */,
				529146B82AE21982005749D8 /* FirebaseAppCheck */,
				529146BA2AE21982005749D8 /* FirebaseAppDistribution-Beta */,
				529146BC2AE21982005749D8 /* FirebaseAuth */,
				529146BE2AE21982005749D8 /* FirebaseAuthCombine-Community */,
				529146C02AE21982005749D8 /* FirebaseCrashlytics */,
				529146C22AE21982005749D8 /* FirebaseDatabase */,
				529146C42AE21982005749D8 /* FirebaseDatabaseSwift */,
				529146C62AE21982005749D8 /* FirebaseDynamicLinks */,
				529146C82AE21982005749D8 /* FirebaseFirestore */,
				529146CA2AE21982005749D8 /* FirebaseFirestoreCombine-Community */,
				529146CC2AE21982005749D8 /* FirebaseFirestoreSwift */,
				529146CE2AE21982005749D8 /* FirebaseFunctions */,
				529146D02AE21982005749D8 /* FirebaseFunctionsCombine-Community */,
				529146D22AE21982005749D8 /* FirebaseInAppMessaging-Beta */,
				529146D42AE21982005749D8 /* FirebaseInAppMessagingSwift-Beta */,
				529146D62AE21982005749D8 /* FirebaseInstallations */,
				529146D82AE21982005749D8 /* FirebaseMLModelDownloader */,
				529146DA2AE21982005749D8 /* FirebaseMessaging */,
				529146DC2AE21982005749D8 /* FirebasePerformance */,
				529146DE2AE21982005749D8 /* FirebaseRemoteConfig */,
				529146E02AE21982005749D8 /* FirebaseRemoteConfigSwift */,
				529146E22AE21982005749D8 /* FirebaseStorage */,
				529146E42AE21982005749D8 /* FirebaseStorageCombine-Community */,
			);
			productName = DsTest;
			productReference = 529146982AE2190F005749D8 /* DsTest.app */;
			productType = "com.apple.product-type.application";
		};
/* End PBXNativeTarget section */

/* Begin PBXProject section */
		529146902AE2190F005749D8 /* Project object */ = {
			isa = PBXProject;
			attributes = {
				BuildIndependentTargetsInParallel = 1;
				LastSwiftUpdateCheck = 1500;
				LastUpgradeCheck = 1500;
				TargetAttributes = {
					529146972AE2190F005749D8 = {
						CreatedOnToolsVersion = 15.0.1;
					};
				};
			};
			buildConfigurationList = 529146932AE2190F005749D8 /* Build configuration list for PBXProject "DsTest" */;
			compatibilityVersion = "Xcode 14.0";
			developmentRegion = en;
			hasScannedForEncodings = 0;
			knownRegions = (
				en,
				Base,
			);
			mainGroup = 5291468F2AE2190F005749D8;
			packageReferences = (
				529146AF2AE21982005749D8 /* XCRemoteSwiftPackageReference "firebase-ios-sdk" */,
			);
			productRefGroup = 529146992AE2190F005749D8 /* Products */;
			projectDirPath = "";
			projectRoot = "";
			targets = (
				529146972AE2190F005749D8 /* DsTest */,
			);
		};
/* End PBXProject section */

/* Begin PBXResourcesBuildPhase section */
		529146962AE2190F005749D8 /* Resources */ = {
			isa = PBXResourcesBuildPhase;
			buildActionMask = 2147483647;
			files = (
				529146A82AE21910005749D8 /* LaunchScreen.storyboard in Resources */,
				529146A52AE21910005749D8 /* Assets.xcassets in Resources */,
				529146A32AE2190F005749D8 /* Main.storyboard in Resources */,
			);
			runOnlyForDeploymentPostprocessing = 0;
		};
/* End PBXResourcesBuildPhase section */

/* Begin PBXSourcesBuildPhase section */
		529146942AE2190F005749D8 /* Sources */ = {
			isa = PBXSourcesBuildPhase;
			buildActionMask = 2147483647;
			files = (
				529146A02AE2190F005749D8 /* ViewController.swift in Sources */,
				5291469C2AE2190F005749D8 /* AppDelegate.swift in Sources */,
				5291469E2AE2190F005749D8 /* SceneDelegate.swift in Sources */,
			);
			runOnlyForDeploymentPostprocessing = 0;
		};
/* End PBXSourcesBuildPhase section */

/* Begin PBXVariantGroup section */
		529146A12AE2190F005749D8 /* Main.storyboard */ = {
			isa = PBXVariantGroup;
			children = (
				529146A22AE2190F005749D8 /* Base */,
			);
			name = Main.storyboard;
			sourceTree = "<group>";
		};
		529146A62AE21910005749D8 /* LaunchScreen.storyboard */ = {
			isa = PBXVariantGroup;
			children = (
				529146A72AE21910005749D8 /* Base */,
			);
			name = LaunchScreen.storyboard;
			sourceTree = "<group>";
		};
/* End PBXVariantGroup section */

/* Begin XCBuildConfiguration section */
		529146AA2AE21910005749D8 /* Debug */ = {
			isa = XCBuildConfiguration;
			buildSettings = {
				ALWAYS_SEARCH_USER_PATHS = NO;
				ASSETCATALOG_COMPILER_GENERATE_SWIFT_ASSET_SYMBOL_EXTENSIONS = YES;
				CLANG_ANALYZER_NONNULL = YES;
				CLANG_ANALYZER_NUMBER_OBJECT_CONVERSION = YES_AGGRESSIVE;
				CLANG_CXX_LANGUAGE_STANDARD = "gnu++20";
				CLANG_ENABLE_MODULES = YES;
				CLANG_ENABLE_OBJC_ARC = YES;
				CLANG_ENABLE_OBJC_WEAK = YES;
				CLANG_WARN_BLOCK_CAPTURE_AUTORELEASING = YES;
				CLANG_WARN_BOOL_CONVERSION = YES;
				CLANG_WARN_COMMA = YES;
				CLANG_WARN_CONSTANT_CONVERSION = YES;
				CLANG_WARN_DEPRECATED_OBJC_IMPLEMENTATIONS = YES;
				CLANG_WARN_DIRECT_OBJC_ISA_USAGE = YES_ERROR;
				CLANG_WARN_DOCUMENTATION_COMMENTS = YES;
				CLANG_WARN_EMPTY_BODY = YES;
				CLANG_WARN_ENUM_CONVERSION = YES;
				CLANG_WARN_INFINITE_RECURSION = YES;
				CLANG_WARN_INT_CONVERSION = YES;
				CLANG_WARN_NON_LITERAL_NULL_CONVERSION = YES;
				CLANG_WARN_OBJC_IMPLICIT_RETAIN_SELF = YES;
				CLANG_WARN_OBJC_LITERAL_CONVERSION = YES;
				CLANG_WARN_OBJC_ROOT_CLASS = YES_ERROR;
				CLANG_WARN_QUOTED_INCLUDE_IN_FRAMEWORK_HEADER = YES;
				CLANG_WARN_RANGE_LOOP_ANALYSIS = YES;
				CLANG_WARN_STRICT_PROTOTYPES = YES;
				CLANG_WARN_SUSPICIOUS_MOVE = YES;
				CLANG_WARN_UNGUARDED_AVAILABILITY = YES_AGGRESSIVE;
				CLANG_WARN_UNREACHABLE_CODE = YES;
				CLANG_WARN__DUPLICATE_METHOD_MATCH = YES;
				COPY_PHASE_STRIP = NO;
				DEBUG_INFORMATION_FORMAT = dwarf;
				ENABLE_STRICT_OBJC_MSGSEND = YES;
				ENABLE_TESTABILITY = YES;
				ENABLE_USER_SCRIPT_SANDBOXING = YES;
				GCC_C_LANGUAGE_STANDARD = gnu17;
				GCC_DYNAMIC_NO_PIC = NO;
				GCC_NO_COMMON_BLOCKS = YES;
				GCC_OPTIMIZATION_LEVEL = 0;
				GCC_PREPROCESSOR_DEFINITIONS = (
					"DEBUG=1",
					"$(inherited)",
				);
				GCC_WARN_64_TO_32_BIT_CONVERSION = YES;
				GCC_WARN_ABOUT_RETURN_TYPE = YES_ERROR;
				GCC_WARN_UNDECLARED_SELECTOR = YES;
				GCC_WARN_UNINITIALIZED_AUTOS = YES_AGGRESSIVE;
				GCC_WARN_UNUSED_FUNCTION = YES;
				GCC_WARN_UNUSED_VARIABLE = YES;
				IPHONEOS_DEPLOYMENT_TARGET = 17.0;
				LOCALIZATION_PREFERS_STRING_CATALOGS = YES;
				MTL_ENABLE_DEBUG_INFO = INCLUDE_SOURCE;
				MTL_FAST_MATH = YES;
				ONLY_ACTIVE_ARCH = YES;
				SDKROOT = iphoneos;
				SWIFT_ACTIVE_COMPILATION_CONDITIONS = "DEBUG $(inherited)";
				SWIFT_OPTIMIZATION_LEVEL = "-Onone";
			};
			name = Debug;
		};
		529146AB2AE21910005749D8 /* Release */ = {
			isa = XCBuildConfiguration;
			buildSettings = {
				ALWAYS_SEARCH_USER_PATHS = NO;
				ASSETCATALOG_COMPILER_GENERATE_SWIFT_ASSET_SYMBOL_EXTENSIONS = YES;
				CLANG_ANALYZER_NONNULL = YES;
				CLANG_ANALYZER_NUMBER_OBJECT_CONVERSION = YES_AGGRESSIVE;
				CLANG_CXX_LANGUAGE_STANDARD = "gnu++20";
				CLANG_ENABLE_MODULES = YES;
				CLANG_ENABLE_OBJC_ARC = YES;
				CLANG_ENABLE_OBJC_WEAK = YES;
				CLANG_WARN_BLOCK_CAPTURE_AUTORELEASING = YES;
				CLANG_WARN_BOOL_CONVERSION = YES;
				CLANG_WARN_COMMA = YES;
				CLANG_WARN_CONSTANT_CONVERSION = YES;
				CLANG_WARN_DEPRECATED_OBJC_IMPLEMENTATIONS = YES;
				CLANG_WARN_DIRECT_OBJC_ISA_USAGE = YES_ERROR;
				CLANG_WARN_DOCUMENTATION_COMMENTS = YES;
				CLANG_WARN_EMPTY_BODY = YES;
				CLANG_WARN_ENUM_CONVERSION = YES;
				CLANG_WARN_INFINITE_RECURSION = YES;
				CLANG_WARN_INT_CONVERSION = YES;
				CLANG_WARN_NON_LITERAL_NULL_CONVERSION = YES;
				CLANG_WARN_OBJC_IMPLICIT_RETAIN_SELF = YES;
				CLANG_WARN_OBJC_LITERAL_CONVERSION = YES;
				CLANG_WARN_OBJC_ROOT_CLASS = YES_ERROR;
				CLANG_WARN_QUOTED_INCLUDE_IN_FRAMEWORK_HEADER = YES;
				CLANG_WARN_RANGE_LOOP_ANALYSIS = YES;
				CLANG_WARN_STRICT_PROTOTYPES = YES;
				CLANG_WARN_SUSPICIOUS_MOVE = YES;
				CLANG_WARN_UNGUARDED_AVAILABILITY = YES_AGGRESSIVE;
				CLANG_WARN_UNREACHABLE_CODE = YES;
				CLANG_WARN__DUPLICATE_METHOD_MATCH = YES;
				COPY_PHASE_STRIP = NO;
				DEBUG_INFORMATION_FORMAT = "dwarf-with-dsym";
				ENABLE_NS_ASSERTIONS = NO;
				ENABLE_STRICT_OBJC_MSGSEND = YES;
				ENABLE_USER_SCRIPT_SANDBOXING = YES;
				GCC_C_LANGUAGE_STANDARD = gnu17;
				GCC_NO_COMMON_BLOCKS = YES;
				GCC_WARN_64_TO_32_BIT_CONVERSION = YES;
				GCC_WARN_ABOUT_RETURN_TYPE = YES_ERROR;
				GCC_WARN_UNDECLARED_SELECTOR = YES;
				GCC_WARN_UNINITIALIZED_AUTOS = YES_AGGRESSIVE;
				GCC_WARN_UNUSED_FUNCTION = YES;
				GCC_WARN_UNUSED_VARIABLE = YES;
				IPHONEOS_DEPLOYMENT_TARGET = 17.0;
				LOCALIZATION_PREFERS_STRING_CATALOGS = YES;
				MTL_ENABLE_DEBUG_INFO = NO;
				MTL_FAST_MATH = YES;
				SDKROOT = iphoneos;
				SWIFT_COMPILATION_MODE = wholemodule;
				VALIDATE_PRODUCT = YES;
			};
			name = Release;
		};
		529146AD2AE21910005749D8 /* Debug */ = {
			isa = XCBuildConfiguration;
			buildSettings = {
				ASSETCATALOG_COMPILER_APPICON_NAME = AppIcon;
				ASSETCATALOG_COMPILER_GLOBAL_ACCENT_COLOR_NAME = AccentColor;
				CODE_SIGN_STYLE = Automatic;
				CURRENT_PROJECT_VERSION = 1;
				GENERATE_INFOPLIST_FILE = YES;
				INFOPLIST_FILE = DsTest/Info.plist;
				INFOPLIST_KEY_UIApplicationSupportsIndirectInputEvents = YES;
				INFOPLIST_KEY_UILaunchStoryboardName = LaunchScreen;
				INFOPLIST_KEY_UIMainStoryboardFile = Main;
				INFOPLIST_KEY_UISupportedInterfaceOrientations_iPad = "UIInterfaceOrientationPortrait UIInterfaceOrientationPortraitUpsideDown UIInterfaceOrientationLandscapeLeft UIInterfaceOrientationLandscapeRight";
				INFOPLIST_KEY_UISupportedInterfaceOrientations_iPhone = "UIInterfaceOrientationPortrait UIInterfaceOrientationLandscapeLeft UIInterfaceOrientationLandscapeRight";
				LD_RUNPATH_SEARCH_PATHS = (
					"$(inherited)",
					"@executable_path/Frameworks",
				);
				MARKETING_VERSION = 1.0;
				PRODUCT_BUNDLE_IDENTIFIER = com.DearMyFriend.DsTest;
				PRODUCT_NAME = "$(TARGET_NAME)";
				SWIFT_EMIT_LOC_STRINGS = YES;
				SWIFT_VERSION = 5.0;
				TARGETED_DEVICE_FAMILY = "1,2";
			};
			name = Debug;
		};
		529146AE2AE21910005749D8 /* Release */ = {
			isa = XCBuildConfiguration;
			buildSettings = {
				ASSETCATALOG_COMPILER_APPICON_NAME = AppIcon;
				ASSETCATALOG_COMPILER_GLOBAL_ACCENT_COLOR_NAME = AccentColor;
				CODE_SIGN_STYLE = Automatic;
				CURRENT_PROJECT_VERSION = 1;
				GENERATE_INFOPLIST_FILE = YES;
				INFOPLIST_FILE = DsTest/Info.plist;
				INFOPLIST_KEY_UIApplicationSupportsIndirectInputEvents = YES;
				INFOPLIST_KEY_UILaunchStoryboardName = LaunchScreen;
				INFOPLIST_KEY_UIMainStoryboardFile = Main;
				INFOPLIST_KEY_UISupportedInterfaceOrientations_iPad = "UIInterfaceOrientationPortrait UIInterfaceOrientationPortraitUpsideDown UIInterfaceOrientationLandscapeLeft UIInterfaceOrientationLandscapeRight";
				INFOPLIST_KEY_UISupportedInterfaceOrientations_iPhone = "UIInterfaceOrientationPortrait UIInterfaceOrientationLandscapeLeft UIInterfaceOrientationLandscapeRight";
				LD_RUNPATH_SEARCH_PATHS = (
					"$(inherited)",
					"@executable_path/Frameworks",
				);
				MARKETING_VERSION = 1.0;
				PRODUCT_BUNDLE_IDENTIFIER = com.DearMyFriend.DsTest;
				PRODUCT_NAME = "$(TARGET_NAME)";
				SWIFT_EMIT_LOC_STRINGS = YES;
				SWIFT_VERSION = 5.0;
				TARGETED_DEVICE_FAMILY = "1,2";
			};
			name = Release;
		};
/* End XCBuildConfiguration section */

/* Begin XCConfigurationList section */
		529146932AE2190F005749D8 /* Build configuration list for PBXProject "DsTest" */ = {
			isa = XCConfigurationList;
			buildConfigurations = (
				529146AA2AE21910005749D8 /* Debug */,
				529146AB2AE21910005749D8 /* Release */,
			);
			defaultConfigurationIsVisible = 0;
			defaultConfigurationName = Release;
		};
		529146AC2AE21910005749D8 /* Build configuration list for PBXNativeTarget "DsTest" */ = {
			isa = XCConfigurationList;
			buildConfigurations = (
				529146AD2AE21910005749D8 /* Debug */,
				529146AE2AE21910005749D8 /* Release */,
			);
			defaultConfigurationIsVisible = 0;
			defaultConfigurationName = Release;
		};
/* End XCConfigurationList section */

/* Begin XCRemoteSwiftPackageReference section */
		529146AF2AE21982005749D8 /* XCRemoteSwiftPackageReference "firebase-ios-sdk" */ = {
			isa = XCRemoteSwiftPackageReference;
			repositoryURL = "https://github.com/firebase/firebase-ios-sdk";
			requirement = {
				kind = upToNextMajorVersion;
				minimumVersion = 10.16.0;
			};
		};
/* End XCRemoteSwiftPackageReference section */

/* Begin XCSwiftPackageProductDependency section */
		529146B02AE21982005749D8 /* FirebaseAnalytics */ = {
			isa = XCSwiftPackageProductDependency;
			package = 529146AF2AE21982005749D8 /* XCRemoteSwiftPackageReference "firebase-ios-sdk" */;
			productName = FirebaseAnalytics;
		};
		529146B22AE21982005749D8 /* FirebaseAnalyticsOnDeviceConversion */ = {
			isa = XCSwiftPackageProductDependency;
			package = 529146AF2AE21982005749D8 /* XCRemoteSwiftPackageReference "firebase-ios-sdk" */;
			productName = FirebaseAnalyticsOnDeviceConversion;
		};
		529146B42AE21982005749D8 /* FirebaseAnalyticsSwift */ = {
			isa = XCSwiftPackageProductDependency;
			package = 529146AF2AE21982005749D8 /* XCRemoteSwiftPackageReference "firebase-ios-sdk" */;
			productName = FirebaseAnalyticsSwift;
		};
		529146B62AE21982005749D8 /* FirebaseAnalyticsWithoutAdIdSupport */ = {
			isa = XCSwiftPackageProductDependency;
			package = 529146AF2AE21982005749D8 /* XCRemoteSwiftPackageReference "firebase-ios-sdk" */;
			productName = FirebaseAnalyticsWithoutAdIdSupport;
		};
		529146B82AE21982005749D8 /* FirebaseAppCheck */ = {
			isa = XCSwiftPackageProductDependency;
			package = 529146AF2AE21982005749D8 /* XCRemoteSwiftPackageReference "firebase-ios-sdk" */;
			productName = FirebaseAppCheck;
		};
		529146BA2AE21982005749D8 /* FirebaseAppDistribution-Beta */ = {
			isa = XCSwiftPackageProductDependency;
			package = 529146AF2AE21982005749D8 /* XCRemoteSwiftPackageReference "firebase-ios-sdk" */;
			productName = "FirebaseAppDistribution-Beta";
		};
		529146BC2AE21982005749D8 /* FirebaseAuth */ = {
			isa = XCSwiftPackageProductDependency;
			package = 529146AF2AE21982005749D8 /* XCRemoteSwiftPackageReference "firebase-ios-sdk" */;
			productName = FirebaseAuth;
		};
		529146BE2AE21982005749D8 /* FirebaseAuthCombine-Community */ = {
			isa = XCSwiftPackageProductDependency;
			package = 529146AF2AE21982005749D8 /* XCRemoteSwiftPackageReference "firebase-ios-sdk" */;
			productName = "FirebaseAuthCombine-Community";
		};
		529146C02AE21982005749D8 /* FirebaseCrashlytics */ = {
			isa = XCSwiftPackageProductDependency;
			package = 529146AF2AE21982005749D8 /* XCRemoteSwiftPackageReference "firebase-ios-sdk" */;
			productName = FirebaseCrashlytics;
		};
		529146C22AE21982005749D8 /* FirebaseDatabase */ = {
			isa = XCSwiftPackageProductDependency;
			package = 529146AF2AE21982005749D8 /* XCRemoteSwiftPackageReference "firebase-ios-sdk" */;
			productName = FirebaseDatabase;
		};
		529146C42AE21982005749D8 /* FirebaseDatabaseSwift */ = {
			isa = XCSwiftPackageProductDependency;
			package = 529146AF2AE21982005749D8 /* XCRemoteSwiftPackageReference "firebase-ios-sdk" */;
			productName = FirebaseDatabaseSwift;
		};
		529146C62AE21982005749D8 /* FirebaseDynamicLinks */ = {
			isa = XCSwiftPackageProductDependency;
			package = 529146AF2AE21982005749D8 /* XCRemoteSwiftPackageReference "firebase-ios-sdk" */;
			productName = FirebaseDynamicLinks;
		};
		529146C82AE21982005749D8 /* FirebaseFirestore */ = {
			isa = XCSwiftPackageProductDependency;
			package = 529146AF2AE21982005749D8 /* XCRemoteSwiftPackageReference "firebase-ios-sdk" */;
			productName = FirebaseFirestore;
		};
		529146CA2AE21982005749D8 /* FirebaseFirestoreCombine-Community */ = {
			isa = XCSwiftPackageProductDependency;
			package = 529146AF2AE21982005749D8 /* XCRemoteSwiftPackageReference "firebase-ios-sdk" */;
			productName = "FirebaseFirestoreCombine-Community";
		};
		529146CC2AE21982005749D8 /* FirebaseFirestoreSwift */ = {
			isa = XCSwiftPackageProductDependency;
			package = 529146AF2AE21982005749D8 /* XCRemoteSwiftPackageReference "firebase-ios-sdk" */;
			productName = FirebaseFirestoreSwift;
		};
		529146CE2AE21982005749D8 /* FirebaseFunctions */ = {
			isa = XCSwiftPackageProductDependency;
			package = 529146AF2AE21982005749D8 /* XCRemoteSwiftPackageReference "firebase-ios-sdk" */;
			productName = FirebaseFunctions;
		};
		529146D02AE21982005749D8 /* FirebaseFunctionsCombine-Community */ = {
			isa = XCSwiftPackageProductDependency;
			package = 529146AF2AE21982005749D8 /* XCRemoteSwiftPackageReference "firebase-ios-sdk" */;
			productName = "FirebaseFunctionsCombine-Community";
		};
		529146D22AE21982005749D8 /* FirebaseInAppMessaging-Beta */ = {
			isa = XCSwiftPackageProductDependency;
			package = 529146AF2AE21982005749D8 /* XCRemoteSwiftPackageReference "firebase-ios-sdk" */;
			productName = "FirebaseInAppMessaging-Beta";
		};
		529146D42AE21982005749D8 /* FirebaseInAppMessagingSwift-Beta */ = {
			isa = XCSwiftPackageProductDependency;
			package = 529146AF2AE21982005749D8 /* XCRemoteSwiftPackageReference "firebase-ios-sdk" */;
			productName = "FirebaseInAppMessagingSwift-Beta";
		};
		529146D62AE21982005749D8 /* FirebaseInstallations */ = {
			isa = XCSwiftPackageProductDependency;
			package = 529146AF2AE21982005749D8 /* XCRemoteSwiftPackageReference "firebase-ios-sdk" */;
			productName = FirebaseInstallations;
		};
		529146D82AE21982005749D8 /* FirebaseMLModelDownloader */ = {
			isa = XCSwiftPackageProductDependency;
			package = 529146AF2AE21982005749D8 /* XCRemoteSwiftPackageReference "firebase-ios-sdk" */;
			productName = FirebaseMLModelDownloader;
		};
		529146DA2AE21982005749D8 /* FirebaseMessaging */ = {
			isa = XCSwiftPackageProductDependency;
			package = 529146AF2AE21982005749D8 /* XCRemoteSwiftPackageReference "firebase-ios-sdk" */;
			productName = FirebaseMessaging;
		};
		529146DC2AE21982005749D8 /* FirebasePerformance */ = {
			isa = XCSwiftPackageProductDependency;
			package = 529146AF2AE21982005749D8 /* XCRemoteSwiftPackageReference "firebase-ios-sdk" */;
			productName = FirebasePerformance;
		};
		529146DE2AE21982005749D8 /* FirebaseRemoteConfig */ = {
			isa = XCSwiftPackageProductDependency;
			package = 529146AF2AE21982005749D8 /* XCRemoteSwiftPackageReference "firebase-ios-sdk" */;
			productName = FirebaseRemoteConfig;
		};
		529146E02AE21982005749D8 /* FirebaseRemoteConfigSwift */ = {
			isa = XCSwiftPackageProductDependency;
			package = 529146AF2AE21982005749D8 /* XCRemoteSwiftPackageReference "firebase-ios-sdk" */;
			productName = FirebaseRemoteConfigSwift;
		};
		529146E22AE21982005749D8 /* FirebaseStorage */ = {
			isa = XCSwiftPackageProductDependency;
			package = 529146AF2AE21982005749D8 /* XCRemoteSwiftPackageReference "firebase-ios-sdk" */;
			productName = FirebaseStorage;
		};
		529146E42AE21982005749D8 /* FirebaseStorageCombine-Community */ = {
			isa = XCSwiftPackageProductDependency;
			package = 529146AF2AE21982005749D8 /* XCRemoteSwiftPackageReference "firebase-ios-sdk" */;
			productName = "FirebaseStorageCombine-Community";
		};
/* End XCSwiftPackageProductDependency section */
	};
	rootObject = 529146902AE2190F005749D8 /* Project object */;
}
